{
  "lockfileVersion": 1,
  "workspaces": {
    "": {
      "dependencies": {
        "@barba/core": "^2.10.3",
        "gsap": "^3.12.7",
      },
    },
  },
  "packages": {
    "@barba/core": ["@barba/core@2.10.3", "", { "dependencies": { "is-promise": "^4.0.0", "path-to-regexp": "^6.2.2" } }, "sha512-ovVeT1wUcdMg8Lu6Iel6yEBW2+s6iA7qfRLCVKTSIfJU9csiawU0UOmVJdcoy3WNOsF2Ur9UfoTUC9aDcm4c0w=="],

    "gsap": ["gsap@3.12.7", "", {}, "sha512-V4GsyVamhmKefvcAKaoy0h6si0xX7ogwBoBSs2CTJwt7luW0oZzC0LhdkyuKV8PJAXr7Yaj8pMjCKD4GJ+eEMg=="],

    "is-promise": ["is-promise@4.0.0", "", {}, "sha512-hvpoI6korhJMnej285dSg6nu1+e6uxs7zG3BYAm5byqDsgJNWwxzM6z6iZiAgQR4TJ30JmBTOwqZUw3WlyH3AQ=="],

    "path-to-regexp": ["path-to-regexp@6.3.0", "", {}, "sha512-Yhpw4T9C6hPpgPeA28us07OJeqZ5EzQTkbfwuhsUg0c237RomFoETJgmp2sa3F/41gfLE6G5cqcYwznmeEeOlQ=="],
  }
}
